<Solution>
  <Project Path="ReactCRUD.ApplicationServices/ReactCRUD.ApplicationServices.csproj" Id="cc2d9d83-2519-408d-a34e-26044ef497f0" />
  <Project Path="reactcrud.client/reactcrud.client.esproj">
    <Build />
    <Deploy />
  </Project>
  <Project Path="ReactCRUD.Core/ReactCRUD.Core.csproj" />
  <Project Path="ReactCRUD.Data/ReactCRUD.Data.csproj" />
  <Project Path="ReactCRUD.Server/ReactCRUD.Server.csproj" />
</Solution>
